
Microsoft Visual Studio Solution File, Format Version 12.00
Project("{FAE04EC0-301F-11D3-BF4B-00C04F79EFBC}") = "LeetCode", "LeetCode\LeetCode.csproj", "{28EE4F9B-9DC1-458D-8905-7CDDB9CE687C}"
EndProject
Project("{FAE04EC0-301F-11D3-BF4B-00C04F79EFBC}") = "TestLeetCode", "TestLeetCode\TestLeetCode.csproj", "{1677C47A-822A-477A-B686-708B72F806AF}"
EndProject
Project("{FAE04EC0-301F-11D3-BF4B-00C04F79EFBC}") = "Sandbox", "Sandbox\Sandbox.csproj", "{4FFC97EE-46DE-4307-B530-9277284EBE33}"
EndProject
Global
	GlobalSection(SolutionConfigurationPlatforms) = preSolution
		Debug|Any CPU = Debug|Any CPU
	EndGlobalSection
	GlobalSection(ProjectConfigurationPlatforms) = postSolution
		{28EE4F9B-9DC1-458D-8905-7CDDB9CE687C}.Debug|Any CPU.ActiveCfg = Debug|Any CPU
		{28EE4F9B-9DC1-458D-8905-7CDDB9CE687C}.Debug|Any CPU.Build.0 = Debug|Any CPU
		{1677C47A-822A-477A-B686-708B72F806AF}.Debug|Any CPU.ActiveCfg = Debug|Any CPU
		{1677C47A-822A-477A-B686-708B72F806AF}.Debug|Any CPU.Build.0 = Debug|Any CPU
		{4FFC97EE-46DE-4307-B530-9277284EBE33}.Debug|Any CPU.ActiveCfg = Debug|Any CPU
		{4FFC97EE-46DE-4307-B530-9277284EBE33}.Debug|Any CPU.Build.0 = Debug|Any CPU
	EndGlobalSection
EndGlobal
